
Microsoft Visual Studio Solution File, Format Version 12.00
# Visual Studio 2013
VisualStudioVersion = 12.0.31101.0
MinimumVisualStudioVersion = 10.0.40219.1
Project("{FAE04EC0-301F-11D3-BF4B-00C04F79EFBC}") = "CRMS.API", "CRMS.API\CRMS.API.csproj", "{0C8A8A3E-8C7D-4FA1-BCF1-5AF3C9EEA2EE}"
EndProject
Project("{FAE04EC0-301F-11D3-BF4B-00C04F79EFBC}") = "CRMS.Model", "CRMS.Model\CRMS.Model.csproj", "{54B6EBD4-0B32-41D3-9CAC-5D0E2A4CDAD5}"
EndProject
Project("{FAE04EC0-301F-11D3-BF4B-00C04F79EFBC}") = "CRMS.Business", "CRMS.Business\CRMS.Business.csproj", "{E8DFA01E-493F-4284-BD60-3FBDAA294A4B}"
EndProject
Project("{FAE04EC0-301F-11D3-BF4B-00C04F79EFBC}") = "CRMS.Utility", "CRMS.Utility\CRMS.Utility.csproj", "{DA9C38DE-AA61-41EA-8CF1-16CC276D06A5}"
EndProject
Project("{FAE04EC0-301F-11D3-BF4B-00C04F79EFBC}") = "CRMS.ReferenceLibrary", "CRMS.ReferenceLibrary\CRMS.ReferenceLibrary.csproj", "{914F6F33-445E-491A-B077-9D2C03BD8E94}"
EndProject
Global
	GlobalSection(SolutionConfigurationPlatforms) = preSolution
		Debug|Any CPU = Debug|Any CPU
		Release|Any CPU = Release|Any CPU
	EndGlobalSection
	GlobalSection(ProjectConfigurationPlatforms) = postSolution
		{0C8A8A3E-8C7D-4FA1-BCF1-5AF3C9EEA2EE}.Debug|Any CPU.ActiveCfg = Debug|Any CPU
		{0C8A8A3E-8C7D-4FA1-BCF1-5AF3C9EEA2EE}.Debug|Any CPU.Build.0 = Debug|Any CPU
		{0C8A8A3E-8C7D-4FA1-BCF1-5AF3C9EEA2EE}.Release|Any CPU.ActiveCfg = Release|Any CPU
		{0C8A8A3E-8C7D-4FA1-BCF1-5AF3C9EEA2EE}.Release|Any CPU.Build.0 = Release|Any CPU
		{54B6EBD4-0B32-41D3-9CAC-5D0E2A4CDAD5}.Debug|Any CPU.ActiveCfg = Debug|Any CPU
		{54B6EBD4-0B32-41D3-9CAC-5D0E2A4CDAD5}.Debug|Any CPU.Build.0 = Debug|Any CPU
		{54B6EBD4-0B32-41D3-9CAC-5D0E2A4CDAD5}.Release|Any CPU.ActiveCfg = Release|Any CPU
		{54B6EBD4-0B32-41D3-9CAC-5D0E2A4CDAD5}.Release|Any CPU.Build.0 = Release|Any CPU
		{E8DFA01E-493F-4284-BD60-3FBDAA294A4B}.Debug|Any CPU.ActiveCfg = Debug|Any CPU
		{E8DFA01E-493F-4284-BD60-3FBDAA294A4B}.Debug|Any CPU.Build.0 = Debug|Any CPU
		{E8DFA01E-493F-4284-BD60-3FBDAA294A4B}.Release|Any CPU.ActiveCfg = Release|Any CPU
		{E8DFA01E-493F-4284-BD60-3FBDAA294A4B}.Release|Any CPU.Build.0 = Release|Any CPU
		{DA9C38DE-AA61-41EA-8CF1-16CC276D06A5}.Debug|Any CPU.ActiveCfg = Debug|Any CPU
		{DA9C38DE-AA61-41EA-8CF1-16CC276D06A5}.Debug|Any CPU.Build.0 = Debug|Any CPU
		{DA9C38DE-AA61-41EA-8CF1-16CC276D06A5}.Release|Any CPU.ActiveCfg = Release|Any CPU
		{DA9C38DE-AA61-41EA-8CF1-16CC276D06A5}.Release|Any CPU.Build.0 = Release|Any CPU
		{914F6F33-445E-491A-B077-9D2C03BD8E94}.Debug|Any CPU.ActiveCfg = Debug|Any CPU
		{914F6F33-445E-491A-B077-9D2C03BD8E94}.Debug|Any CPU.Build.0 = Debug|Any CPU
		{914F6F33-445E-491A-B077-9D2C03BD8E94}.Release|Any CPU.ActiveCfg = Release|Any CPU
		{914F6F33-445E-491A-B077-9D2C03BD8E94}.Release|Any CPU.Build.0 = Release|Any CPU
	EndGlobalSection
	GlobalSection(SolutionProperties) = preSolution
		HideSolutionNode = FALSE
	EndGlobalSection
EndGlobal
